
Microsoft Visual Studio Solution File, Format Version 12.00
# Visual Studio Version 16
VisualStudioVersion = 16.0.32802.440
MinimumVisualStudioVersion = 10.0.40219.1
Project("{FAE04EC0-301F-11D3-BF4B-00C04F79EFBC}") = "ProductEF", "ProductEF.csproj", "{E2E8E985-1D57-404F-8599-B2A6150D29BB}"
EndProject
Global
	GlobalSection(SolutionConfigurationPlatforms) = preSolution
		Debug|Any CPU = Debug|Any CPU
		Release|Any CPU = Release|Any CPU
	EndGlobalSection
	GlobalSection(ProjectConfigurationPlatforms) = postSolution
		{E2E8E985-1D57-404F-8599-B2A6150D29BB}.Debug|Any CPU.ActiveCfg = Debug|Any CPU
		{E2E8E985-1D57-404F-8599-B2A6150D29BB}.Debug|Any CPU.Build.0 = Debug|Any CPU
		{E2E8E985-1D57-404F-8599-B2A6150D29BB}.Release|Any CPU.ActiveCfg = Release|Any CPU
		{E2E8E985-1D57-404F-8599-B2A6150D29BB}.Release|Any CPU.Build.0 = Release|Any CPU
	EndGlobalSection
	GlobalSection(SolutionProperties) = preSolution
		HideSolutionNode = FALSE
	EndGlobalSection
	GlobalSection(ExtensibilityGlobals) = postSolution
		SolutionGuid = {7462901D-2169-4A97-A00A-C3E0CFFA6631}
	EndGlobalSection
EndGlobal
